{
  "name": "frontend-h5",
  "version": "1.0.0",
  "lockfileVersion": 2,
  "requires": true,
  "packages": {
    "": {
      "name": "frontend-h5",
      "version": "1.0.0",
      "license": "ISC",
      "dependencies": {
        "vant": "^4.1.2"
      },
      "devDependencies": {
        "@vue/runtime-core": "^3.2.47",
        "unplugin-vue-components": "^0.24.1",
        "vite-plugin-html": "^3.2.0"
      }
    },
    "../../node_modules/.pnpm/registry.npmmirror.com+vant@4.1.2_vue@3.2.47/node_modules/vant": {
      "version": "4.1.2",
      "license": "MIT",
      "dependencies": {
        "@vant/popperjs": "^1.3.0",
        "@vant/use": "^1.5.1"
      },
      "devDependencies": {
        "@types/jest": "^29.1.1",
        "@types/node": "^18.11.18",
        "@vant/area-data": "workspace:*",
        "@vant/cli": "workspace:*",
        "@vant/eslint-config": "workspace:*",
        "@vant/icons": "workspace:*",
        "@vue/runtime-core": "^3.2.47",
        "@vue/test-utils": "^2.0.2",
        "typescript": "^5.0.2",
        "vue": "^3.2.47",
        "vue-router": "^4.1.5"
      },
      "peerDependencies": {
        "vue": "^3.0.0"
      }
    },
    "../../node_modules/.pnpm/registry.npmmirror.com+vite-plugin-html@3.2.0_vite@4.2.1/node_modules/vite-plugin-html": {
      "version": "3.2.0",
      "dev": true,
      "license": "MIT",
      "dependencies": {
        "@rollup/pluginutils": "^4.2.0",
        "colorette": "^2.0.16",
        "connect-history-api-fallback": "^1.6.0",
        "consola": "^2.15.3",
        "dotenv": "^16.0.0",
        "dotenv-expand": "^8.0.2",
        "ejs": "^3.1.6",
        "fast-glob": "^3.2.11",
        "fs-extra": "^10.0.1",
        "html-minifier-terser": "^6.1.0",
        "node-html-parser": "^5.3.3",
        "pathe": "^0.2.0"
      },
      "devDependencies": {
        "@babel/types": "^7.17.0",
        "@types/ejs": "^3.1.0",
        "@types/fs-extra": "^9.0.13",
        "@types/html-minifier-terser": "^6.1.0",
        "@types/node": "^17.0.21",
        "typescript": "^4.6.2",
        "vite": "^2.8.6"
      },
      "peerDependencies": {
        "vite": ">=2.0.0"
      }
    },
    "../../node_modules/.pnpm/unplugin-vue-components@0.24.1_vue@3.2.47/node_modules/unplugin-vue-components": {
      "version": "0.24.1",
      "dev": true,
      "license": "MIT",
      "dependencies": {
        "@antfu/utils": "^0.7.2",
        "@rollup/pluginutils": "^5.0.2",
        "chokidar": "^3.5.3",
        "debug": "^4.3.4",
        "fast-glob": "^3.2.12",
        "local-pkg": "^0.4.3",
        "magic-string": "^0.30.0",
        "minimatch": "^7.4.2",
        "resolve": "^1.22.1",
        "unplugin": "^1.1.0"
      },
      "devDependencies": {
        "@antfu/eslint-config": "^0.36.0",
        "@babel/parser": "^7.21.2",
        "@babel/types": "^7.21.2",
        "@nuxt/kit": "^3.2.3",
        "@types/debug": "^4.1.7",
        "@types/minimatch": "^5.1.2",
        "@types/node": "^18.14.6",
        "@types/resolve": "^1.20.2",
        "@typescript-eslint/eslint-plugin": "^5.54.1",
        "bumpp": "^9.0.0",
        "compare-versions": "^5.0.3",
        "element-plus": "^2.2.34",
        "eslint": "^8.35.0",
        "esno": "^0.16.3",
        "estree-walker": "^3.0.3",
        "pathe": "^1.1.0",
        "rollup": "^3.18.0",
        "tsup": "^6.6.3",
        "typescript": "^4.9.5",
        "vite": "^4.1.4",
        "vitest": "^0.29.2",
        "vue": "3.2.45"
      },
      "engines": {
        "node": ">=14"
      },
      "funding": {
        "url": "https://github.com/sponsors/antfu"
      },
      "peerDependencies": {
        "@babel/parser": "^7.15.8",
        "@nuxt/kit": "^3.2.2",
        "vue": "2 || 3"
      },
      "peerDependenciesMeta": {
        "@babel/parser": {
          "optional": true
        },
        "@nuxt/kit": {
          "optional": true
        }
      }
    },
    "node_modules/@vue/reactivity": {
      "version": "3.2.47",
      "resolved": "https://registry.npmmirror.com/@vue/reactivity/-/reactivity-3.2.47.tgz",
      "integrity": "sha512-7khqQ/75oyyg+N/e+iwV6lpy1f5wq759NdlS1fpAhFXa8VeAIKGgk2E/C4VF59lx5b+Ezs5fpp/5WsRYXQiKxQ==",
      "dev": true,
      "dependencies": {
        "@vue/shared": "3.2.47"
      }
    },
    "node_modules/@vue/runtime-core": {
      "version": "3.2.47",
      "resolved": "https://registry.npmmirror.com/@vue/runtime-core/-/runtime-core-3.2.47.tgz",
      "integrity": "sha512-RZxbLQIRB/K0ev0K9FXhNbBzT32H9iRtYbaXb0ZIz2usLms/D55dJR2t6cIEUn6vyhS3ALNvNthI+Q95C+NOpA==",
      "dev": true,
      "dependencies": {
        "@vue/reactivity": "3.2.47",
        "@vue/shared": "3.2.47"
      }
    },
    "node_modules/@vue/shared": {
      "version": "3.2.47",
      "resolved": "https://registry.npmmirror.com/@vue/shared/-/shared-3.2.47.tgz",
      "integrity": "sha512-BHGyyGN3Q97EZx0taMQ+OLNuZcW3d37ZEVmEAyeoA9ERdGvm9Irc/0Fua8SNyOtV1w6BS4q25wbMzJujO9HIfQ==",
      "dev": true
    },
    "node_modules/unplugin-vue-components": {
      "resolved": "../../node_modules/.pnpm/unplugin-vue-components@0.24.1_vue@3.2.47/node_modules/unplugin-vue-components",
      "link": true
    },
    "node_modules/vant": {
      "resolved": "../../node_modules/.pnpm/registry.npmmirror.com+vant@4.1.2_vue@3.2.47/node_modules/vant",
      "link": true
    },
    "node_modules/vite-plugin-html": {
      "resolved": "../../node_modules/.pnpm/registry.npmmirror.com+vite-plugin-html@3.2.0_vite@4.2.1/node_modules/vite-plugin-html",
      "link": true
    }
  },
  "dependencies": {
    "@vue/reactivity": {
      "version": "3.2.47",
      "resolved": "https://registry.npmmirror.com/@vue/reactivity/-/reactivity-3.2.47.tgz",
      "integrity": "sha512-7khqQ/75oyyg+N/e+iwV6lpy1f5wq759NdlS1fpAhFXa8VeAIKGgk2E/C4VF59lx5b+Ezs5fpp/5WsRYXQiKxQ==",
      "dev": true,
      "requires": {
        "@vue/shared": "3.2.47"
      }
    },
    "@vue/runtime-core": {
      "version": "3.2.47",
      "resolved": "https://registry.npmmirror.com/@vue/runtime-core/-/runtime-core-3.2.47.tgz",
      "integrity": "sha512-RZxbLQIRB/K0ev0K9FXhNbBzT32H9iRtYbaXb0ZIz2usLms/D55dJR2t6cIEUn6vyhS3ALNvNthI+Q95C+NOpA==",
      "dev": true,
      "requires": {
        "@vue/reactivity": "3.2.47",
        "@vue/shared": "3.2.47"
      }
    },
    "@vue/shared": {
      "version": "3.2.47",
      "resolved": "https://registry.npmmirror.com/@vue/shared/-/shared-3.2.47.tgz",
      "integrity": "sha512-BHGyyGN3Q97EZx0taMQ+OLNuZcW3d37ZEVmEAyeoA9ERdGvm9Irc/0Fua8SNyOtV1w6BS4q25wbMzJujO9HIfQ==",
      "dev": true
    },
    "unplugin-vue-components": {
      "version": "file:../../node_modules/.pnpm/unplugin-vue-components@0.24.1_vue@3.2.47/node_modules/unplugin-vue-components",
      "requires": {
        "@antfu/eslint-config": "^0.36.0",
        "@antfu/utils": "^0.7.2",
        "@babel/parser": "^7.21.2",
        "@babel/types": "^7.21.2",
        "@nuxt/kit": "^3.2.3",
        "@rollup/pluginutils": "^5.0.2",
        "@types/debug": "^4.1.7",
        "@types/minimatch": "^5.1.2",
        "@types/node": "^18.14.6",
        "@types/resolve": "^1.20.2",
        "@typescript-eslint/eslint-plugin": "^5.54.1",
        "bumpp": "^9.0.0",
        "chokidar": "^3.5.3",
        "compare-versions": "^5.0.3",
        "debug": "^4.3.4",
        "element-plus": "^2.2.34",
        "eslint": "^8.35.0",
        "esno": "^0.16.3",
        "estree-walker": "^3.0.3",
        "fast-glob": "^3.2.12",
        "local-pkg": "^0.4.3",
        "magic-string": "^0.30.0",
        "minimatch": "^7.4.2",
        "pathe": "^1.1.0",
        "resolve": "^1.22.1",
        "rollup": "^3.18.0",
        "tsup": "^6.6.3",
        "typescript": "^4.9.5",
        "unplugin": "^1.1.0",
        "vite": "^4.1.4",
        "vitest": "^0.29.2",
        "vue": "3.2.45"
      }
    },
    "vant": {
      "version": "file:../../node_modules/.pnpm/registry.npmmirror.com+vant@4.1.2_vue@3.2.47/node_modules/vant",
      "requires": {
        "@types/jest": "^29.1.1",
        "@types/node": "^18.11.18",
        "@vant/area-data": "workspace:*",
        "@vant/cli": "workspace:*",
        "@vant/eslint-config": "workspace:*",
        "@vant/icons": "workspace:*",
        "@vant/popperjs": "^1.3.0",
        "@vant/use": "^1.5.1",
        "@vue/runtime-core": "^3.2.47",
        "@vue/test-utils": "^2.0.2",
        "typescript": "^5.0.2",
        "vue": "^3.2.47",
        "vue-router": "^4.1.5"
      }
    },
    "vite-plugin-html": {
      "version": "file:../../node_modules/.pnpm/registry.npmmirror.com+vite-plugin-html@3.2.0_vite@4.2.1/node_modules/vite-plugin-html",
      "requires": {
        "@babel/types": "^7.17.0",
        "@rollup/pluginutils": "^4.2.0",
        "@types/ejs": "^3.1.0",
        "@types/fs-extra": "^9.0.13",
        "@types/html-minifier-terser": "^6.1.0",
        "@types/node": "^17.0.21",
        "colorette": "^2.0.16",
        "connect-history-api-fallback": "^1.6.0",
        "consola": "^2.15.3",
        "dotenv": "^16.0.0",
        "dotenv-expand": "^8.0.2",
        "ejs": "^3.1.6",
        "fast-glob": "^3.2.11",
        "fs-extra": "^10.0.1",
        "html-minifier-terser": "^6.1.0",
        "node-html-parser": "^5.3.3",
        "pathe": "^0.2.0",
        "typescript": "^4.6.2",
        "vite": "^2.8.6"
      }
    }
  }
}
